// !$*UTF8*$!
{
	archiveVersion = 1;
	classes = {
	};
	objectVersion = 50;
	objects = {

/* Begin PBXBuildFile section */
		0F070D572474B60F0068E1BE /* AppDelegate.swift in Sources */ = {isa = PBXBuildFile; fileRef = 0F070D562474B60F0068E1BE /* AppDelegate.swift */; };
		0F070D592474B60F0068E1BE /* SceneDelegate.swift in Sources */ = {isa = PBXBuildFile; fileRef = 0F070D582474B60F0068E1BE /* SceneDelegate.swift */; };
		0F070D5B2474B60F0068E1BE /* ContentView.swift in Sources */ = {isa = PBXBuildFile; fileRef = 0F070D5A2474B60F0068E1BE /* ContentView.swift */; };
		0F070D5D2474B6110068E1BE /* Assets.xcassets in Resources */ = {isa = PBXBuildFile; fileRef = 0F070D5C2474B6110068E1BE /* Assets.xcassets */; };
		0F070D602474B6110068E1BE /* Preview Assets.xcassets in Resources */ = {isa = PBXBuildFile; fileRef = 0F070D5F2474B6110068E1BE /* Preview Assets.xcassets */; };
		0F070D632474B6110068E1BE /* LaunchScreen.storyboard in Resources */ = {isa = PBXBuildFile; fileRef = 0F070D612474B6110068E1BE /* LaunchScreen.storyboard */; };
		0F070D6E2474B6110068E1BE /* SundialTests.swift in Sources */ = {isa = PBXBuildFile; fileRef = 0F070D6D2474B6110068E1BE /* SundialTests.swift */; };
		0F070D792474B6110068E1BE /* SundialUITests.swift in Sources */ = {isa = PBXBuildFile; fileRef = 0F070D782474B6110068E1BE /* SundialUITests.swift */; };
		0F070D7E2474B6110068E1BE /* Sundial WatchKit App.app in Embed Watch Content */ = {isa = PBXBuildFile; fileRef = 0F070D7D2474B6110068E1BE /* Sundial WatchKit App.app */; settings = {ATTRIBUTES = (RemoveHeadersOnCopy, ); }; };
		0F070D842474B6110068E1BE /* Interface.storyboard in Resources */ = {isa = PBXBuildFile; fileRef = 0F070D822474B6110068E1BE /* Interface.storyboard */; };
		0F070D862474B6120068E1BE /* Assets.xcassets in Resources */ = {isa = PBXBuildFile; fileRef = 0F070D852474B6120068E1BE /* Assets.xcassets */; };
		0F070D8D2474B6120068E1BE /* Sundial WatchKit Extension.appex in Embed App Extensions */ = {isa = PBXBuildFile; fileRef = 0F070D8C2474B6120068E1BE /* Sundial WatchKit Extension.appex */; settings = {ATTRIBUTES = (RemoveHeadersOnCopy, ); }; };
		0F070D922474B6120068E1BE /* ContentView.swift in Sources */ = {isa = PBXBuildFile; fileRef = 0F070D912474B6120068E1BE /* ContentView.swift */; };
		0F070D942474B6120068E1BE /* HostingController.swift in Sources */ = {isa = PBXBuildFile; fileRef = 0F070D932474B6120068E1BE /* HostingController.swift */; };
		0F070D962474B6120068E1BE /* ExtensionDelegate.swift in Sources */ = {isa = PBXBuildFile; fileRef = 0F070D952474B6120068E1BE /* ExtensionDelegate.swift */; };
		0F070D982474B6120068E1BE /* ComplicationController.swift in Sources */ = {isa = PBXBuildFile; fileRef = 0F070D972474B6120068E1BE /* ComplicationController.swift */; };
		0F070D9A2474B6120068E1BE /* Assets.xcassets in Resources */ = {isa = PBXBuildFile; fileRef = 0F070D992474B6120068E1BE /* Assets.xcassets */; };
		0F070D9D2474B6120068E1BE /* Preview Assets.xcassets in Resources */ = {isa = PBXBuildFile; fileRef = 0F070D9C2474B6120068E1BE /* Preview Assets.xcassets */; };
		0F070DB42474B66C0068E1BE /* LocationManager.swift in Sources */ = {isa = PBXBuildFile; fileRef = 0F070DB32474B66C0068E1BE /* LocationManager.swift */; };
		0F070DB52474B66C0068E1BE /* LocationManager.swift in Sources */ = {isa = PBXBuildFile; fileRef = 0F070DB32474B66C0068E1BE /* LocationManager.swift */; };
		0F070DB62474B66C0068E1BE /* LocationManager.swift in Sources */ = {isa = PBXBuildFile; fileRef = 0F070DB32474B66C0068E1BE /* LocationManager.swift */; };
		0F070DB72474B66C0068E1BE /* LocationManager.swift in Sources */ = {isa = PBXBuildFile; fileRef = 0F070DB32474B66C0068E1BE /* LocationManager.swift */; };
		0F070DB92474B68B0068E1BE /* Astro.swift in Sources */ = {isa = PBXBuildFile; fileRef = 0F070DB82474B68B0068E1BE /* Astro.swift */; };
		0F070DBA2474B68B0068E1BE /* Astro.swift in Sources */ = {isa = PBXBuildFile; fileRef = 0F070DB82474B68B0068E1BE /* Astro.swift */; };
		0F070DBB2474B68B0068E1BE /* Astro.swift in Sources */ = {isa = PBXBuildFile; fileRef = 0F070DB82474B68B0068E1BE /* Astro.swift */; };
		0F070DBC2474B68B0068E1BE /* Astro.swift in Sources */ = {isa = PBXBuildFile; fileRef = 0F070DB82474B68B0068E1BE /* Astro.swift */; };
/* End PBXBuildFile section */

/* Begin PBXContainerItemProxy section */
		0F070D6A2474B6110068E1BE /* PBXContainerItemProxy */ = {
			isa = PBXContainerItemProxy;
			containerPortal = 0F070D4B2474B60F0068E1BE /* Project object */;
			proxyType = 1;
			remoteGlobalIDString = 0F070D522474B60F0068E1BE;
			remoteInfo = Sundial;
		};
		0F070D752474B6110068E1BE /* PBXContainerItemProxy */ = {
			isa = PBXContainerItemProxy;
			containerPortal = 0F070D4B2474B60F0068E1BE /* Project object */;
			proxyType = 1;
			remoteGlobalIDString = 0F070D522474B60F0068E1BE;
			remoteInfo = Sundial;
		};
		0F070D7F2474B6110068E1BE /* PBXContainerItemProxy */ = {
			isa = PBXContainerItemProxy;
			containerPortal = 0F070D4B2474B60F0068E1BE /* Project object */;
			proxyType = 1;
			remoteGlobalIDString = 0F070D7C2474B6110068E1BE;
			remoteInfo = "Sundial WatchKit App";
		};
		0F070D8E2474B6120068E1BE /* PBXContainerItemProxy */ = {
			isa = PBXContainerItemProxy;
			containerPortal = 0F070D4B2474B60F0068E1BE /* Project object */;
			proxyType = 1;
			remoteGlobalIDString = 0F070D8B2474B6120068E1BE;
			remoteInfo = "Sundial WatchKit Extension";
		};
/* End PBXContainerItemProxy section */

/* Begin PBXCopyFilesBuildPhase section */
		0F070DA42474B6120068E1BE /* Embed App Extensions */ = {
			isa = PBXCopyFilesBuildPhase;
			buildActionMask = 2147483647;
			dstPath = "";
			dstSubfolderSpec = 13;
			files = (
				0F070D8D2474B6120068E1BE /* Sundial WatchKit Extension.appex in Embed App Extensions */,
			);
			name = "Embed App Extensions";
			runOnlyForDeploymentPostprocessing = 0;
		};
		0F070DA82474B6120068E1BE /* Embed Watch Content */ = {
			isa = PBXCopyFilesBuildPhase;
			buildActionMask = 2147483647;
			dstPath = "$(CONTENTS_FOLDER_PATH)/Watch";
			dstSubfolderSpec = 16;
			files = (
				0F070D7E2474B6110068E1BE /* Sundial WatchKit App.app in Embed Watch Content */,
			);
			name = "Embed Watch Content";
			runOnlyForDeploymentPostprocessing = 0;
		};
/* End PBXCopyFilesBuildPhase section */

/* Begin PBXFileReference section */
		0F070D532474B60F0068E1BE /* Sundial.app */ = {isa = PBXFileReference; explicitFileType = wrapper.application; includeInIndex = 0; path = Sundial.app; sourceTree = BUILT_PRODUCTS_DIR; };
		0F070D562474B60F0068E1BE /* AppDelegate.swift */ = {isa = PBXFileReference; lastKnownFileType = sourcecode.swift; path = AppDelegate.swift; sourceTree = "<group>"; };
		0F070D582474B60F0068E1BE /* SceneDelegate.swift */ = {isa = PBXFileReference; lastKnownFileType = sourcecode.swift; path = SceneDelegate.swift; sourceTree = "<group>"; };
		0F070D5A2474B60F0068E1BE /* ContentView.swift */ = {isa = PBXFileReference; lastKnownFileType = sourcecode.swift; path = ContentView.swift; sourceTree = "<group>"; };
		0F070D5C2474B6110068E1BE /* Assets.xcassets */ = {isa = PBXFileReference; lastKnownFileType = folder.assetcatalog; path = Assets.xcassets; sourceTree = "<group>"; };
		0F070D5F2474B6110068E1BE /* Preview Assets.xcassets */ = {isa = PBXFileReference; lastKnownFileType = folder.assetcatalog; path = "Preview Assets.xcassets"; sourceTree = "<group>"; };
		0F070D622474B6110068E1BE /* Base */ = {isa = PBXFileReference; lastKnownFileType = file.storyboard; name = Base; path = Base.lproj/LaunchScreen.storyboard; sourceTree = "<group>"; };
		0F070D642474B6110068E1BE /* Info.plist */ = {isa = PBXFileReference; lastKnownFileType = text.plist.xml; path = Info.plist; sourceTree = "<group>"; };
		0F070D692474B6110068E1BE /* SundialTests.xctest */ = {isa = PBXFileReference; explicitFileType = wrapper.cfbundle; includeInIndex = 0; path = SundialTests.xctest; sourceTree = BUILT_PRODUCTS_DIR; };
		0F070D6D2474B6110068E1BE /* SundialTests.swift */ = {isa = PBXFileReference; lastKnownFileType = sourcecode.swift; path = SundialTests.swift; sourceTree = "<group>"; };
		0F070D6F2474B6110068E1BE /* Info.plist */ = {isa = PBXFileReference; lastKnownFileType = text.plist.xml; path = Info.plist; sourceTree = "<group>"; };
		0F070D742474B6110068E1BE /* SundialUITests.xctest */ = {isa = PBXFileReference; explicitFileType = wrapper.cfbundle; includeInIndex = 0; path = SundialUITests.xctest; sourceTree = BUILT_PRODUCTS_DIR; };
		0F070D782474B6110068E1BE /* SundialUITests.swift */ = {isa = PBXFileReference; lastKnownFileType = sourcecode.swift; path = SundialUITests.swift; sourceTree = "<group>"; };
		0F070D7A2474B6110068E1BE /* Info.plist */ = {isa = PBXFileReference; lastKnownFileType = text.plist.xml; path = Info.plist; sourceTree = "<group>"; };
		0F070D7D2474B6110068E1BE /* Sundial WatchKit App.app */ = {isa = PBXFileReference; explicitFileType = wrapper.application; includeInIndex = 0; path = "Sundial WatchKit App.app"; sourceTree = BUILT_PRODUCTS_DIR; };
		0F070D832474B6110068E1BE /* Base */ = {isa = PBXFileReference; lastKnownFileType = file.storyboard; name = Base; path = Base.lproj/Interface.storyboard; sourceTree = "<group>"; };
		0F070D852474B6120068E1BE /* Assets.xcassets */ = {isa = PBXFileReference; lastKnownFileType = folder.assetcatalog; path = Assets.xcassets; sourceTree = "<group>"; };
		0F070D872474B6120068E1BE /* Info.plist */ = {isa = PBXFileReference; lastKnownFileType = text.plist.xml; path = Info.plist; sourceTree = "<group>"; };
		0F070D8C2474B6120068E1BE /* Sundial WatchKit Extension.appex */ = {isa = PBXFileReference; explicitFileType = "wrapper.app-extension"; includeInIndex = 0; path = "Sundial WatchKit Extension.appex"; sourceTree = BUILT_PRODUCTS_DIR; };
		0F070D912474B6120068E1BE /* ContentView.swift */ = {isa = PBXFileReference; lastKnownFileType = sourcecode.swift; path = ContentView.swift; sourceTree = "<group>"; };
		0F070D932474B6120068E1BE /* HostingController.swift */ = {isa = PBXFileReference; lastKnownFileType = sourcecode.swift; path = HostingController.swift; sourceTree = "<group>"; };
		0F070D952474B6120068E1BE /* ExtensionDelegate.swift */ = {isa = PBXFileReference; lastKnownFileType = sourcecode.swift; path = ExtensionDelegate.swift; sourceTree = "<group>"; };
		0F070D972474B6120068E1BE /* ComplicationController.swift */ = {isa = PBXFileReference; lastKnownFileType = sourcecode.swift; path = ComplicationController.swift; sourceTree = "<group>"; };
		0F070D992474B6120068E1BE /* Assets.xcassets */ = {isa = PBXFileReference; lastKnownFileType = folder.assetcatalog; path = Assets.xcassets; sourceTree = "<group>"; };
		0F070D9C2474B6120068E1BE /* Preview Assets.xcassets */ = {isa = PBXFileReference; lastKnownFileType = folder.assetcatalog; path = "Preview Assets.xcassets"; sourceTree = "<group>"; };
		0F070D9E2474B6120068E1BE /* Info.plist */ = {isa = PBXFileReference; lastKnownFileType = text.plist.xml; path = Info.plist; sourceTree = "<group>"; };
		0F070DB22474B66B0068E1BE /* Sundial WatchKit App-Bridging-Header.h */ = {isa = PBXFileReference; lastKnownFileType = sourcecode.c.h; path = "Sundial WatchKit App-Bridging-Header.h"; sourceTree = "<group>"; };
		0F070DB32474B66C0068E1BE /* LocationManager.swift */ = {isa = PBXFileReference; lastKnownFileType = sourcecode.swift; path = LocationManager.swift; sourceTree = "<group>"; };
		0F070DB82474B68B0068E1BE /* Astro.swift */ = {isa = PBXFileReference; lastKnownFileType = sourcecode.swift; path = Astro.swift; sourceTree = "<group>"; };
/* End PBXFileReference section */

/* Begin PBXFrameworksBuildPhase section */
		0F070D502474B60F0068E1BE /* Frameworks */ = {
			isa = PBXFrameworksBuildPhase;
			buildActionMask = 2147483647;
			files = (
			);
			runOnlyForDeploymentPostprocessing = 0;
		};
		0F070D662474B6110068E1BE /* Frameworks */ = {
			isa = PBXFrameworksBuildPhase;
			buildActionMask = 2147483647;
			files = (
			);
			runOnlyForDeploymentPostprocessing = 0;
		};
		0F070D712474B6110068E1BE /* Frameworks */ = {
			isa = PBXFrameworksBuildPhase;
			buildActionMask = 2147483647;
			files = (
			);
			runOnlyForDeploymentPostprocessing = 0;
		};
		0F070D892474B6120068E1BE /* Frameworks */ = {
			isa = PBXFrameworksBuildPhase;
			buildActionMask = 2147483647;
			files = (
			);
			runOnlyForDeploymentPostprocessing = 0;
		};
/* End PBXFrameworksBuildPhase section */

/* Begin PBXGroup section */
		0F070D4A2474B60F0068E1BE = {
			isa = PBXGroup;
			children = (
				0F070D552474B60F0068E1BE /* Sundial */,
				0F070D6C2474B6110068E1BE /* SundialTests */,
				0F070D772474B6110068E1BE /* SundialUITests */,
				0F070D812474B6110068E1BE /* Sundial WatchKit App */,
				0F070D902474B6120068E1BE /* Sundial WatchKit Extension */,
				0F070D542474B60F0068E1BE /* Products */,
			);
			sourceTree = "<group>";
		};
		0F070D542474B60F0068E1BE /* Products */ = {
			isa = PBXGroup;
			children = (
				0F070D532474B60F0068E1BE /* Sundial.app */,
				0F070D692474B6110068E1BE /* SundialTests.xctest */,
				0F070D742474B6110068E1BE /* SundialUITests.xctest */,
				0F070D7D2474B6110068E1BE /* Sundial WatchKit App.app */,
				0F070D8C2474B6120068E1BE /* Sundial WatchKit Extension.appex */,
			);
			name = Products;
			sourceTree = "<group>";
		};
		0F070D552474B60F0068E1BE /* Sundial */ = {
			isa = PBXGroup;
			children = (
				0F070D562474B60F0068E1BE /* AppDelegate.swift */,
				0F070D582474B60F0068E1BE /* SceneDelegate.swift */,
				0F070D5A2474B60F0068E1BE /* ContentView.swift */,
				0F070D5C2474B6110068E1BE /* Assets.xcassets */,
				0F070D612474B6110068E1BE /* LaunchScreen.storyboard */,
				0F070D642474B6110068E1BE /* Info.plist */,
				0F070D5E2474B6110068E1BE /* Preview Content */,
				0F070DB32474B66C0068E1BE /* LocationManager.swift */,
				0F070DB22474B66B0068E1BE /* Sundial WatchKit App-Bridging-Header.h */,
				0F070DB82474B68B0068E1BE /* Astro.swift */,
			);
			path = Sundial;
			sourceTree = "<group>";
		};
		0F070D5E2474B6110068E1BE /* Preview Content */ = {
			isa = PBXGroup;
			children = (
				0F070D5F2474B6110068E1BE /* Preview Assets.xcassets */,
			);
			path = "Preview Content";
			sourceTree = "<group>";
		};
		0F070D6C2474B6110068E1BE /* SundialTests */ = {
			isa = PBXGroup;
			children = (
				0F070D6D2474B6110068E1BE /* SundialTests.swift */,
				0F070D6F2474B6110068E1BE /* Info.plist */,
			);
			path = SundialTests;
			sourceTree = "<group>";
		};
		0F070D772474B6110068E1BE /* SundialUITests */ = {
			isa = PBXGroup;
			children = (
				0F070D782474B6110068E1BE /* SundialUITests.swift */,
				0F070D7A2474B6110068E1BE /* Info.plist */,
			);
			path = SundialUITests;
			sourceTree = "<group>";
		};
		0F070D812474B6110068E1BE /* Sundial WatchKit App */ = {
			isa = PBXGroup;
			children = (
				0F070D822474B6110068E1BE /* Interface.storyboard */,
				0F070D852474B6120068E1BE /* Assets.xcassets */,
				0F070D872474B6120068E1BE /* Info.plist */,
			);
			path = "Sundial WatchKit App";
			sourceTree = "<group>";
		};
		0F070D902474B6120068E1BE /* Sundial WatchKit Extension */ = {
			isa = PBXGroup;
			children = (
				0F070D912474B6120068E1BE /* ContentView.swift */,
				0F070D932474B6120068E1BE /* HostingController.swift */,
				0F070D952474B6120068E1BE /* ExtensionDelegate.swift */,
				0F070D972474B6120068E1BE /* ComplicationController.swift */,
				0F070D992474B6120068E1BE /* Assets.xcassets */,
				0F070D9E2474B6120068E1BE /* Info.plist */,
				0F070D9B2474B6120068E1BE /* Preview Content */,
			);
			path = "Sundial WatchKit Extension";
			sourceTree = "<group>";
		};
		0F070D9B2474B6120068E1BE /* Preview Content */ = {
			isa = PBXGroup;
			children = (
				0F070D9C2474B6120068E1BE /* Preview Assets.xcassets */,
			);
			path = "Preview Content";
			sourceTree = "<group>";
		};
/* End PBXGroup section */

/* Begin PBXNativeTarget section */
		0F070D522474B60F0068E1BE /* Sundial */ = {
			isa = PBXNativeTarget;
			buildConfigurationList = 0F070DA92474B6120068E1BE /* Build configuration list for PBXNativeTarget "Sundial" */;
			buildPhases = (
				0F070D4F2474B60F0068E1BE /* Sources */,
				0F070D502474B60F0068E1BE /* Frameworks */,
				0F070D512474B60F0068E1BE /* Resources */,
				0F070DA82474B6120068E1BE /* Embed Watch Content */,
			);
			buildRules = (
			);
			dependencies = (
				0F070D802474B6110068E1BE /* PBXTargetDependency */,
			);
			name = Sundial;
			productName = Sundial;
			productReference = 0F070D532474B60F0068E1BE /* Sundial.app */;
			productType = "com.apple.product-type.application";
		};
		0F070D682474B6110068E1BE /* SundialTests */ = {
			isa = PBXNativeTarget;
			buildConfigurationList = 0F070DAC2474B6120068E1BE /* Build configuration list for PBXNativeTarget "SundialTests" */;
			buildPhases = (
				0F070D652474B6110068E1BE /* Sources */,
				0F070D662474B6110068E1BE /* Frameworks */,
				0F070D672474B6110068E1BE /* Resources */,
			);
			buildRules = (
			);
			dependencies = (
				0F070D6B2474B6110068E1BE /* PBXTargetDependency */,
			);
			name = SundialTests;
			productName = SundialTests;
			productReference = 0F070D692474B6110068E1BE /* SundialTests.xctest */;
			productType = "com.apple.product-type.bundle.unit-test";
		};
		0F070D732474B6110068E1BE /* SundialUITests */ = {
			isa = PBXNativeTarget;
			buildConfigurationList = 0F070DAF2474B6120068E1BE /* Build configuration list for PBXNativeTarget "SundialUITests" */;
			buildPhases = (
				0F070D702474B6110068E1BE /* Sources */,
				0F070D712474B6110068E1BE /* Frameworks */,
				0F070D722474B6110068E1BE /* Resources */,
			);
			buildRules = (
			);
			dependencies = (
				0F070D762474B6110068E1BE /* PBXTargetDependency */,
			);
			name = SundialUITests;
			productName = SundialUITests;
			productReference = 0F070D742474B6110068E1BE /* SundialUITests.xctest */;
			productType = "com.apple.product-type.bundle.ui-testing";
		};
		0F070D7C2474B6110068E1BE /* Sundial WatchKit App */ = {
			isa = PBXNativeTarget;
			buildConfigurationList = 0F070DA52474B6120068E1BE /* Build configuration list for PBXNativeTarget "Sundial WatchKit App" */;
			buildPhases = (
				0F070D7B2474B6110068E1BE /* Resources */,
				0F070DA42474B6120068E1BE /* Embed App Extensions */,
			);
			buildRules = (
			);
			dependencies = (
				0F070D8F2474B6120068E1BE /* PBXTargetDependency */,
			);
			name = "Sundial WatchKit App";
			productName = "Sundial WatchKit App";
			productReference = 0F070D7D2474B6110068E1BE /* Sundial WatchKit App.app */;
			productType = "com.apple.product-type.application.watchapp2";
		};
		0F070D8B2474B6120068E1BE /* Sundial WatchKit Extension */ = {
			isa = PBXNativeTarget;
			buildConfigurationList = 0F070DA12474B6120068E1BE /* Build configuration list for PBXNativeTarget "Sundial WatchKit Extension" */;
			buildPhases = (
				0F070D882474B6120068E1BE /* Sources */,
				0F070D892474B6120068E1BE /* Frameworks */,
				0F070D8A2474B6120068E1BE /* Resources */,
			);
			buildRules = (
			);
			dependencies = (
			);
			name = "Sundial WatchKit Extension";
			productName = "Sundial WatchKit Extension";
			productReference = 0F070D8C2474B6120068E1BE /* Sundial WatchKit Extension.appex */;
			productType = "com.apple.product-type.watchkit2-extension";
		};
/* End PBXNativeTarget section */

/* Begin PBXProject section */
		0F070D4B2474B60F0068E1BE /* Project object */ = {
			isa = PBXProject;
			attributes = {
				LastSwiftUpdateCheck = 1140;
				LastUpgradeCheck = 1140;
				ORGANIZATIONNAME = "Mantas Vidutis";
				TargetAttributes = {
					0F070D522474B60F0068E1BE = {
						CreatedOnToolsVersion = 11.4.1;
					};
					0F070D682474B6110068E1BE = {
						CreatedOnToolsVersion = 11.4.1;
						TestTargetID = 0F070D522474B60F0068E1BE;
					};
					0F070D732474B6110068E1BE = {
						CreatedOnToolsVersion = 11.4.1;
						TestTargetID = 0F070D522474B60F0068E1BE;
					};
					0F070D7C2474B6110068E1BE = {
						CreatedOnToolsVersion = 11.4.1;
						LastSwiftMigration = 1140;
					};
					0F070D8B2474B6120068E1BE = {
						CreatedOnToolsVersion = 11.4.1;
					};
				};
			};
			buildConfigurationList = 0F070D4E2474B60F0068E1BE /* Build configuration list for PBXProject "Sundial" */;
			compatibilityVersion = "Xcode 9.3";
			developmentRegion = en;
			hasScannedForEncodings = 0;
			knownRegions = (
				en,
				Base,
			);
			mainGroup = 0F070D4A2474B60F0068E1BE;
			productRefGroup = 0F070D542474B60F0068E1BE /* Products */;
			projectDirPath = "";
			projectRoot = "";
			targets = (
				0F070D522474B60F0068E1BE /* Sundial */,
				0F070D682474B6110068E1BE /* SundialTests */,
				0F070D732474B6110068E1BE /* SundialUITests */,
				0F070D7C2474B6110068E1BE /* Sundial WatchKit App */,
				0F070D8B2474B6120068E1BE /* Sundial WatchKit Extension */,
			);
		};
/* End PBXProject section */

/* Begin PBXResourcesBuildPhase section */
		0F070D512474B60F0068E1BE /* Resources */ = {
			isa = PBXResourcesBuildPhase;
			buildActionMask = 2147483647;
			files = (
				0F070D632474B6110068E1BE /* LaunchScreen.storyboard in Resources */,
				0F070D602474B6110068E1BE /* Preview Assets.xcassets in Resources */,
				0F070D5D2474B6110068E1BE /* Assets.xcassets in Resources */,
			);
			runOnlyForDeploymentPostprocessing = 0;
		};
		0F070D672474B6110068E1BE /* Resources */ = {
			isa = PBXResourcesBuildPhase;
			buildActionMask = 2147483647;
			files = (
			);
			runOnlyForDeploymentPostprocessing = 0;
		};
		0F070D722474B6110068E1BE /* Resources */ = {
			isa = PBXResourcesBuildPhase;
			buildActionMask = 2147483647;
			files = (
			);
			runOnlyForDeploymentPostprocessing = 0;
		};
		0F070D7B2474B6110068E1BE /* Resources */ = {
			isa = PBXResourcesBuildPhase;
			buildActionMask = 2147483647;
			files = (
				0F070D862474B6120068E1BE /* Assets.xcassets in Resources */,
				0F070D842474B6110068E1BE /* Interface.storyboard in Resources */,
			);
			runOnlyForDeploymentPostprocessing = 0;
		};
		0F070D8A2474B6120068E1BE /* Resources */ = {
			isa = PBXResourcesBuildPhase;
			buildActionMask = 2147483647;
			files = (
				0F070D9D2474B6120068E1BE /* Preview Assets.xcassets in Resources */,
				0F070D9A2474B6120068E1BE /* Assets.xcassets in Resources */,
			);
			runOnlyForDeploymentPostprocessing = 0;
		};
/* End PBXResourcesBuildPhase section */

/* Begin PBXSourcesBuildPhase section */
		0F070D4F2474B60F0068E1BE /* Sources */ = {
			isa = PBXSourcesBuildPhase;
			buildActionMask = 2147483647;
			files = (
				0F070DB42474B66C0068E1BE /* LocationManager.swift in Sources */,
				0F070D572474B60F0068E1BE /* AppDelegate.swift in Sources */,
				0F070D592474B60F0068E1BE /* SceneDelegate.swift in Sources */,
				0F070DB92474B68B0068E1BE /* Astro.swift in Sources */,
				0F070D5B2474B60F0068E1BE /* ContentView.swift in Sources */,
			);
			runOnlyForDeploymentPostprocessing = 0;
		};
		0F070D652474B6110068E1BE /* Sources */ = {
			isa = PBXSourcesBuildPhase;
			buildActionMask = 2147483647;
			files = (
				0F070DB52474B66C0068E1BE /* LocationManager.swift in Sources */,
				0F070D6E2474B6110068E1BE /* SundialTests.swift in Sources */,
				0F070DBA2474B68B0068E1BE /* Astro.swift in Sources */,
			);
			runOnlyForDeploymentPostprocessing = 0;
		};
		0F070D702474B6110068E1BE /* Sources */ = {
			isa = PBXSourcesBuildPhase;
			buildActionMask = 2147483647;
			files = (
				0F070DB62474B66C0068E1BE /* LocationManager.swift in Sources */,
				0F070D792474B6110068E1BE /* SundialUITests.swift in Sources */,
				0F070DBB2474B68B0068E1BE /* Astro.swift in Sources */,
			);
			runOnlyForDeploymentPostprocessing = 0;
		};
		0F070D882474B6120068E1BE /* Sources */ = {
			isa = PBXSourcesBuildPhase;
			buildActionMask = 2147483647;
			files = (
				0F070D942474B6120068E1BE /* HostingController.swift in Sources */,
				0F070D982474B6120068E1BE /* ComplicationController.swift in Sources */,
				0F070DB72474B66C0068E1BE /* LocationManager.swift in Sources */,
				0F070D922474B6120068E1BE /* ContentView.swift in Sources */,
				0F070D962474B6120068E1BE /* ExtensionDelegate.swift in Sources */,
				0F070DBC2474B68B0068E1BE /* Astro.swift in Sources */,
			);
			runOnlyForDeploymentPostprocessing = 0;
		};
/* End PBXSourcesBuildPhase section */

/* Begin PBXTargetDependency section */
		0F070D6B2474B6110068E1BE /* PBXTargetDependency */ = {
			isa = PBXTargetDependency;
			target = 0F070D522474B60F0068E1BE /* Sundial */;
			targetProxy = 0F070D6A2474B6110068E1BE /* PBXContainerItemProxy */;
		};
		0F070D762474B6110068E1BE /* PBXTargetDependency */ = {
			isa = PBXTargetDependency;
			target = 0F070D522474B60F0068E1BE /* Sundial */;
			targetProxy = 0F070D752474B6110068E1BE /* PBXContainerItemProxy */;
		};
		0F070D802474B6110068E1BE /* PBXTargetDependency */ = {
			isa = PBXTargetDependency;
			target = 0F070D7C2474B6110068E1BE /* Sundial WatchKit App */;
			targetProxy = 0F070D7F2474B6110068E1BE /* PBXContainerItemProxy */;
		};
		0F070D8F2474B6120068E1BE /* PBXTargetDependency */ = {
			isa = PBXTargetDependency;
			target = 0F070D8B2474B6120068E1BE /* Sundial WatchKit Extension */;
			targetProxy = 0F070D8E2474B6120068E1BE /* PBXContainerItemProxy */;
		};
/* End PBXTargetDependency section */

/* Begin PBXVariantGroup section */
		0F070D612474B6110068E1BE /* LaunchScreen.storyboard */ = {
			isa = PBXVariantGroup;
			children = (
				0F070D622474B6110068E1BE /* Base */,
			);
			name = LaunchScreen.storyboard;
			sourceTree = "<group>";
		};
		0F070D822474B6110068E1BE /* Interface.storyboard */ = {
			isa = PBXVariantGroup;
			children = (
				0F070D832474B6110068E1BE /* Base */,
			);
			name = Interface.storyboard;
			sourceTree = "<group>";
		};
/* End PBXVariantGroup section */

/* Begin XCBuildConfiguration section */
		0F070D9F2474B6120068E1BE /* Debug */ = {
			isa = XCBuildConfiguration;
			buildSettings = {
				ALWAYS_SEARCH_USER_PATHS = NO;
				CLANG_ANALYZER_NONNULL = YES;
				CLANG_ANALYZER_NUMBER_OBJECT_CONVERSION = YES_AGGRESSIVE;
				CLANG_CXX_LANGUAGE_STANDARD = "gnu++14";
				CLANG_CXX_LIBRARY = "libc++";
				CLANG_ENABLE_MODULES = YES;
				CLANG_ENABLE_OBJC_ARC = YES;
				CLANG_ENABLE_OBJC_WEAK = YES;
				CLANG_WARN_BLOCK_CAPTURE_AUTORELEASING = YES;
				CLANG_WARN_BOOL_CONVERSION = YES;
				CLANG_WARN_COMMA = YES;
				CLANG_WARN_CONSTANT_CONVERSION = YES;
				CLANG_WARN_DEPRECATED_OBJC_IMPLEMENTATIONS = YES;
				CLANG_WARN_DIRECT_OBJC_ISA_USAGE = YES_ERROR;
				CLANG_WARN_DOCUMENTATION_COMMENTS = YES;
				CLANG_WARN_EMPTY_BODY = YES;
				CLANG_WARN_ENUM_CONVERSION = YES;
				CLANG_WARN_INFINITE_RECURSION = YES;
				CLANG_WARN_INT_CONVERSION = YES;
				CLANG_WARN_NON_LITERAL_NULL_CONVERSION = YES;
				CLANG_WARN_OBJC_IMPLICIT_RETAIN_SELF = YES;
				CLANG_WARN_OBJC_LITERAL_CONVERSION = YES;
				CLANG_WARN_OBJC_ROOT_CLASS = YES_ERROR;
				CLANG_WARN_RANGE_LOOP_ANALYSIS = YES;
				CLANG_WARN_STRICT_PROTOTYPES = YES;
				CLANG_WARN_SUSPICIOUS_MOVE = YES;
				CLANG_WARN_UNGUARDED_AVAILABILITY = YES_AGGRESSIVE;
				CLANG_WARN_UNREACHABLE_CODE = YES;
				CLANG_WARN__DUPLICATE_METHOD_MATCH = YES;
				COPY_PHASE_STRIP = NO;
				DEBUG_INFORMATION_FORMAT = dwarf;
				ENABLE_STRICT_OBJC_MSGSEND = YES;
				ENABLE_TESTABILITY = YES;
				GCC_C_LANGUAGE_STANDARD = gnu11;
				GCC_DYNAMIC_NO_PIC = NO;
				GCC_NO_COMMON_BLOCKS = YES;
				GCC_OPTIMIZATION_LEVEL = 0;
				GCC_PREPROCESSOR_DEFINITIONS = (
					"DEBUG=1",
					"$(inherited)",
				);
				GCC_WARN_64_TO_32_BIT_CONVERSION = YES;
				GCC_WARN_ABOUT_RETURN_TYPE = YES_ERROR;
				GCC_WARN_UNDECLARED_SELECTOR = YES;
				GCC_WARN_UNINITIALIZED_AUTOS = YES_AGGRESSIVE;
				GCC_WARN_UNUSED_FUNCTION = YES;
				GCC_WARN_UNUSED_VARIABLE = YES;
				IPHONEOS_DEPLOYMENT_TARGET = 13.4;
				MTL_ENABLE_DEBUG_INFO = INCLUDE_SOURCE;
				MTL_FAST_MATH = YES;
				ONLY_ACTIVE_ARCH = YES;
				SDKROOT = iphoneos;
				SWIFT_ACTIVE_COMPILATION_CONDITIONS = DEBUG;
				SWIFT_OPTIMIZATION_LEVEL = "-Onone";
			};
			name = Debug;
		};
		0F070DA02474B6120068E1BE /* Release */ = {
			isa = XCBuildConfiguration;
			buildSettings = {
				ALWAYS_SEARCH_USER_PATHS = NO;
				CLANG_ANALYZER_NONNULL = YES;
				CLANG_ANALYZER_NUMBER_OBJECT_CONVERSION = YES_AGGRESSIVE;
				CLANG_CXX_LANGUAGE_STANDARD = "gnu++14";
				CLANG_CXX_LIBRARY = "libc++";
				CLANG_ENABLE_MODULES = YES;
				CLANG_ENABLE_OBJC_ARC = YES;
				CLANG_ENABLE_OBJC_WEAK = YES;
				CLANG_WARN_BLOCK_CAPTURE_AUTORELEASING = YES;
				CLANG_WARN_BOOL_CONVERSION = YES;
				CLANG_WARN_COMMA = YES;
				CLANG_WARN_CONSTANT_CONVERSION = YES;
				CLANG_WARN_DEPRECATED_OBJC_IMPLEMENTATIONS = YES;
				CLANG_WARN_DIRECT_OBJC_ISA_USAGE = YES_ERROR;
				CLANG_WARN_DOCUMENTATION_COMMENTS = YES;
				CLANG_WARN_EMPTY_BODY = YES;
				CLANG_WARN_ENUM_CONVERSION = YES;
				CLANG_WARN_INFINITE_RECURSION = YES;
				CLANG_WARN_INT_CONVERSION = YES;
				CLANG_WARN_NON_LITERAL_NULL_CONVERSION = YES;
				CLANG_WARN_OBJC_IMPLICIT_RETAIN_SELF = YES;
				CLANG_WARN_OBJC_LITERAL_CONVERSION = YES;
				CLANG_WARN_OBJC_ROOT_CLASS = YES_ERROR;
				CLANG_WARN_RANGE_LOOP_ANALYSIS = YES;
				CLANG_WARN_STRICT_PROTOTYPES = YES;
				CLANG_WARN_SUSPICIOUS_MOVE = YES;
				CLANG_WARN_UNGUARDED_AVAILABILITY = YES_AGGRESSIVE;
				CLANG_WARN_UNREACHABLE_CODE = YES;
				CLANG_WARN__DUPLICATE_METHOD_MATCH = YES;
				COPY_PHASE_STRIP = NO;
				DEBUG_INFORMATION_FORMAT = "dwarf-with-dsym";
				ENABLE_NS_ASSERTIONS = NO;
				ENABLE_STRICT_OBJC_MSGSEND = YES;
				GCC_C_LANGUAGE_STANDARD = gnu11;
				GCC_NO_COMMON_BLOCKS = YES;
				GCC_WARN_64_TO_32_BIT_CONVERSION = YES;
				GCC_WARN_ABOUT_RETURN_TYPE = YES_ERROR;
				GCC_WARN_UNDECLARED_SELECTOR = YES;
				GCC_WARN_UNINITIALIZED_AUTOS = YES_AGGRESSIVE;
				GCC_WARN_UNUSED_FUNCTION = YES;
				GCC_WARN_UNUSED_VARIABLE = YES;
				IPHONEOS_DEPLOYMENT_TARGET = 13.4;
				MTL_ENABLE_DEBUG_INFO = NO;
				MTL_FAST_MATH = YES;
				SDKROOT = iphoneos;
				SWIFT_COMPILATION_MODE = wholemodule;
				SWIFT_OPTIMIZATION_LEVEL = "-O";
				VALIDATE_PRODUCT = YES;
			};
			name = Release;
		};
		0F070DA22474B6120068E1BE /* Debug */ = {
			isa = XCBuildConfiguration;
			buildSettings = {
				ASSETCATALOG_COMPILER_COMPLICATION_NAME = Complication;
				CODE_SIGN_STYLE = Automatic;
				DEVELOPMENT_ASSET_PATHS = "\"Sundial WatchKit Extension/Preview Content\"";
				ENABLE_PREVIEWS = YES;
				INFOPLIST_FILE = "Sundial WatchKit Extension/Info.plist";
				LD_RUNPATH_SEARCH_PATHS = (
					"$(inherited)",
					"@executable_path/Frameworks",
					"@executable_path/../../Frameworks",
				);
				PRODUCT_BUNDLE_IDENTIFIER = io.turbines.Sundial.watchkitapp.watchkitextension;
				PRODUCT_NAME = "${TARGET_NAME}";
				SDKROOT = watchos;
				SKIP_INSTALL = YES;
				SWIFT_VERSION = 5.0;
				TARGETED_DEVICE_FAMILY = 4;
				WATCHOS_DEPLOYMENT_TARGET = 6.2;
			};
			name = Debug;
		};
		0F070DA32474B6120068E1BE /* Release */ = {
			isa = XCBuildConfiguration;
			buildSettings = {
				ASSETCATALOG_COMPILER_COMPLICATION_NAME = Complication;
				CODE_SIGN_STYLE = Automatic;
				DEVELOPMENT_ASSET_PATHS = "\"Sundial WatchKit Extension/Preview Content\"";
				ENABLE_PREVIEWS = YES;
				INFOPLIST_FILE = "Sundial WatchKit Extension/Info.plist";
				LD_RUNPATH_SEARCH_PATHS = (
					"$(inherited)",
					"@executable_path/Frameworks",
					"@executable_path/../../Frameworks",
				);
				PRODUCT_BUNDLE_IDENTIFIER = io.turbines.Sundial.watchkitapp.watchkitextension;
				PRODUCT_NAME = "${TARGET_NAME}";
				SDKROOT = watchos;
				SKIP_INSTALL = YES;
				SWIFT_VERSION = 5.0;
				TARGETED_DEVICE_FAMILY = 4;
				WATCHOS_DEPLOYMENT_TARGET = 6.2;
			};
			name = Release;
		};
		0F070DA62474B6120068E1BE /* Debug */ = {
			isa = XCBuildConfiguration;
			buildSettings = {
				ALWAYS_EMBED_SWIFT_STANDARD_LIBRARIES = YES;
				ASSETCATALOG_COMPILER_APPICON_NAME = AppIcon;
				CLANG_ENABLE_MODULES = YES;
				CODE_SIGN_STYLE = Automatic;
				IBSC_MODULE = Sundial_WatchKit_Extension;
				INFOPLIST_FILE = "Sundial WatchKit App/Info.plist";
				LD_RUNPATH_SEARCH_PATHS = (
					"$(inherited)",
					"@executable_path/../Frameworks",
					"@loader_path/../Frameworks",
				);
				PRODUCT_BUNDLE_IDENTIFIER = io.turbines.Sundial.watchkitapp;
				PRODUCT_NAME = "$(TARGET_NAME)";
				SDKROOT = watchos;
				SKIP_INSTALL = YES;
				SWIFT_OBJC_BRIDGING_HEADER = "Sundial/Sundial WatchKit App-Bridging-Header.h";
				SWIFT_OPTIMIZATION_LEVEL = "-Onone";
				SWIFT_VERSION = 5.0;
				TARGETED_DEVICE_FAMILY = 4;
				WATCHOS_DEPLOYMENT_TARGET = 6.2;
			};
			name = Debug;
		};
		0F070DA72474B6120068E1BE /* Release */ = {
			isa = XCBuildConfiguration;
			buildSettings = {
				ALWAYS_EMBED_SWIFT_STANDARD_LIBRARIES = YES;
				ASSETCATALOG_COMPILER_APPICON_NAME = AppIcon;
				CLANG_ENABLE_MODULES = YES;
				CODE_SIGN_STYLE = Automatic;
				IBSC_MODULE = Sundial_WatchKit_Extension;
				INFOPLIST_FILE = "Sundial WatchKit App/Info.plist";
				LD_RUNPATH_SEARCH_PATHS = (
					"$(inherited)",
					"@executable_path/../Frameworks",
					"@loader_path/../Frameworks",
				);
				PRODUCT_BUNDLE_IDENTIFIER = io.turbines.Sundial.watchkitapp;
				PRODUCT_NAME = "$(TARGET_NAME)";
				SDKROOT = watchos;
				SKIP_INSTALL = YES;
				SWIFT_OBJC_BRIDGING_HEADER = "Sundial/Sundial WatchKit App-Bridging-Header.h";
				SWIFT_VERSION = 5.0;
				TARGETED_DEVICE_FAMILY = 4;
				WATCHOS_DEPLOYMENT_TARGET = 6.2;
			};
			name = Release;
		};
		0F070DAA2474B6120068E1BE /* Debug */ = {
			isa = XCBuildConfiguration;
			buildSettings = {
				ASSETCATALOG_COMPILER_APPICON_NAME = AppIcon;
				CODE_SIGN_STYLE = Automatic;
				DEVELOPMENT_ASSET_PATHS = "\"Sundial/Preview Content\"";
				ENABLE_PREVIEWS = YES;
				INFOPLIST_FILE = Sundial/Info.plist;
				LD_RUNPATH_SEARCH_PATHS = (
					"$(inherited)",
					"@executable_path/Frameworks",
				);
				PRODUCT_BUNDLE_IDENTIFIER = io.turbines.Sundial;
				PRODUCT_NAME = "$(TARGET_NAME)";
				SWIFT_VERSION = 5.0;
				TARGETED_DEVICE_FAMILY = "1,2";
			};
			name = Debug;
		};
		0F070DAB2474B6120068E1BE /* Release */ = {
			isa = XCBuildConfiguration;
			buildSettings = {
				ASSETCATALOG_COMPILER_APPICON_NAME = AppIcon;
				CODE_SIGN_STYLE = Automatic;
				DEVELOPMENT_ASSET_PATHS = "\"Sundial/Preview Content\"";
				ENABLE_PREVIEWS = YES;
				INFOPLIST_FILE = Sundial/Info.plist;
				LD_RUNPATH_SEARCH_PATHS = (
					"$(inherited)",
					"@executable_path/Frameworks",
				);
				PRODUCT_BUNDLE_IDENTIFIER = io.turbines.Sundial;
				PRODUCT_NAME = "$(TARGET_NAME)";
				SWIFT_VERSION = 5.0;
				TARGETED_DEVICE_FAMILY = "1,2";
			};
			name = Release;
		};
		0F070DAD2474B6120068E1BE /* Debug */ = {
			isa = XCBuildConfiguration;
			buildSettings = {
				ALWAYS_EMBED_SWIFT_STANDARD_LIBRARIES = YES;
				BUNDLE_LOADER = "$(TEST_HOST)";
				CODE_SIGN_STYLE = Automatic;
				INFOPLIST_FILE = SundialTests/Info.plist;
				IPHONEOS_DEPLOYMENT_TARGET = 13.4;
				LD_RUNPATH_SEARCH_PATHS = (
					"$(inherited)",
					"@executable_path/Frameworks",
					"@loader_path/Frameworks",
				);
				PRODUCT_BUNDLE_IDENTIFIER = io.turbines.SundialTests;
				PRODUCT_NAME = "$(TARGET_NAME)";
				SWIFT_VERSION = 5.0;
				TARGETED_DEVICE_FAMILY = "1,2";
				TEST_HOST = "$(BUILT_PRODUCTS_DIR)/Sundial.app/Sundial";
			};
			name = Debug;
		};
		0F070DAE2474B6120068E1BE /* Release */ = {
			isa = XCBuildConfiguration;
			buildSettings = {
				ALWAYS_EMBED_SWIFT_STANDARD_LIBRARIES = YES;
				BUNDLE_LOADER = "$(TEST_HOST)";
				CODE_SIGN_STYLE = Automatic;
				INFOPLIST_FILE = SundialTests/Info.plist;
				IPHONEOS_DEPLOYMENT_TARGET = 13.4;
				LD_RUNPATH_SEARCH_PATHS = (
					"$(inherited)",
					"@executable_path/Frameworks",
					"@loader_path/Frameworks",
				);
				PRODUCT_BUNDLE_IDENTIFIER = io.turbines.SundialTests;
				PRODUCT_NAME = "$(TARGET_NAME)";
				SWIFT_VERSION = 5.0;
				TARGETED_DEVICE_FAMILY = "1,2";
				TEST_HOST = "$(BUILT_PRODUCTS_DIR)/Sundial.app/Sundial";
			};
			name = Release;
		};
		0F070DB02474B6120068E1BE /* Debug */ = {
			isa = XCBuildConfiguration;
			buildSettings = {
				ALWAYS_EMBED_SWIFT_STANDARD_LIBRARIES = YES;
				CODE_SIGN_STYLE = Automatic;
				INFOPLIST_FILE = SundialUITests/Info.plist;
				LD_RUNPATH_SEARCH_PATHS = (
					"$(inherited)",
					"@executable_path/Frameworks",
					"@loader_path/Frameworks",
				);
				PRODUCT_BUNDLE_IDENTIFIER = io.turbines.SundialUITests;
				PRODUCT_NAME = "$(TARGET_NAME)";
				SWIFT_VERSION = 5.0;
				TARGETED_DEVICE_FAMILY = "1,2";
				TEST_TARGET_NAME = Sundial;
			};
			name = Debug;
		};
		0F070DB12474B6120068E1BE /* Release */ = {
			isa = XCBuildConfiguration;
			buildSettings = {
				ALWAYS_EMBED_SWIFT_STANDARD_LIBRARIES = YES;
				CODE_SIGN_STYLE = Automatic;
				INFOPLIST_FILE = SundialUITests/Info.plist;
				LD_RUNPATH_SEARCH_PATHS = (
					"$(inherited)",
					"@executable_path/Frameworks",
					"@loader_path/Frameworks",
				);
				PRODUCT_BUNDLE_IDENTIFIER = io.turbines.SundialUITests;
				PRODUCT_NAME = "$(TARGET_NAME)";
				SWIFT_VERSION = 5.0;
				TARGETED_DEVICE_FAMILY = "1,2";
				TEST_TARGET_NAME = Sundial;
			};
			name = Release;
		};
/* End XCBuildConfiguration section */

/* Begin XCConfigurationList section */
		0F070D4E2474B60F0068E1BE /* Build configuration list for PBXProject "Sundial" */ = {
			isa = XCConfigurationList;
			buildConfigurations = (
				0F070D9F2474B6120068E1BE /* Debug */,
				0F070DA02474B6120068E1BE /* Release */,
			);
			defaultConfigurationIsVisible = 0;
			defaultConfigurationName = Release;
		};
		0F070DA12474B6120068E1BE /* Build configuration list for PBXNativeTarget "Sundial WatchKit Extension" */ = {
			isa = XCConfigurationList;
			buildConfigurations = (
				0F070DA22474B6120068E1BE /* Debug */,
				0F070DA32474B6120068E1BE /* Release */,
			);
			defaultConfigurationIsVisible = 0;
			defaultConfigurationName = Release;
		};
		0F070DA52474B6120068E1BE /* Build configuration list for PBXNativeTarget "Sundial WatchKit App" */ = {
			isa = XCConfigurationList;
			buildConfigurations = (
				0F070DA62474B6120068E1BE /* Debug */,
				0F070DA72474B6120068E1BE /* Release */,
			);
			defaultConfigurationIsVisible = 0;
			defaultConfigurationName = Release;
		};
		0F070DA92474B6120068E1BE /* Build configuration list for PBXNativeTarget "Sundial" */ = {
			isa = XCConfigurationList;
			buildConfigurations = (
				0F070DAA2474B6120068E1BE /* Debug */,
				0F070DAB2474B6120068E1BE /* Release */,
			);
			defaultConfigurationIsVisible = 0;
			defaultConfigurationName = Release;
		};
		0F070DAC2474B6120068E1BE /* Build configuration list for PBXNativeTarget "SundialTests" */ = {
			isa = XCConfigurationList;
			buildConfigurations = (
				0F070DAD2474B6120068E1BE /* Debug */,
				0F070DAE2474B6120068E1BE /* Release */,
			);
			defaultConfigurationIsVisible = 0;
			defaultConfigurationName = Release;
		};
		0F070DAF2474B6120068E1BE /* Build configuration list for PBXNativeTarget "SundialUITests" */ = {
			isa = XCConfigurationList;
			buildConfigurations = (
				0F070DB02474B6120068E1BE /* Debug */,
				0F070DB12474B6120068E1BE /* Release */,
			);
			defaultConfigurationIsVisible = 0;
			defaultConfigurationName = Release;
		};
/* End XCConfigurationList section */
	};
	rootObject = 0F070D4B2474B60F0068E1BE /* Project object */;
}
